
Microsoft Visual Studio Solution File, Format Version 12.00
# Visual Studio Version 17
VisualStudioVersion = 17.14.36414.22 d17.14
MinimumVisualStudioVersion = 10.0.40219.1
Project("{FAE04EC0-301F-11D3-BF4B-00C04F79EFBC}") = "FirstFlyProject", "FirstFlyProject\FirstFlyProject.csproj", "{14A85D60-E968-480E-B236-D54A60CC1691}"
EndProject
Global
	GlobalSection(SolutionConfigurationPlatforms) = preSolution
		Debug|Any CPU = Debug|Any CPU
		Release|Any CPU = Release|Any CPU
	EndGlobalSection
	GlobalSection(ProjectConfigurationPlatforms) = postSolution
		{14A85D60-E968-480E-B236-D54A60CC1691}.Debug|Any CPU.ActiveCfg = Debug|Any CPU
		{14A85D60-E968-480E-B236-D54A60CC1691}.Debug|Any CPU.Build.0 = Debug|Any CPU
		{14A85D60-E968-480E-B236-D54A60CC1691}.Release|Any CPU.ActiveCfg = Release|Any CPU
		{14A85D60-E968-480E-B236-D54A60CC1691}.Release|Any CPU.Build.0 = Release|Any CPU
	EndGlobalSection
	GlobalSection(SolutionProperties) = preSolution
		HideSolutionNode = FALSE
	EndGlobalSection
	GlobalSection(ExtensibilityGlobals) = postSolution
		SolutionGuid = {4885CF20-9263-4B20-86F3-2B5C789099F5}
	EndGlobalSection
EndGlobal
